// !$*UTF8*$!
{
	archiveVersion = 1;
	classes = {
	};
	objectVersion = 46;
	objects = {

/* Begin PBXBuildFile section */
		A509A2241DDB62C000E0BDA9 /* Interface.storyboard in Resources */ = {isa = PBXBuildFile; fileRef = A509A2221DDB62C000E0BDA9 /* Interface.storyboard */; };
		A509A2261DDB62C000E0BDA9 /* Assets.xcassets in Resources */ = {isa = PBXBuildFile; fileRef = A509A2251DDB62C000E0BDA9 /* Assets.xcassets */; };
		A509A22D1DDB62C000E0BDA9 /* watchapp Extension.appex in Embed App Extensions */ = {isa = PBXBuildFile; fileRef = A509A22C1DDB62C000E0BDA9 /* watchapp Extension.appex */; settings = {ATTRIBUTES = (RemoveHeadersOnCopy, ); }; };
		A509A2321DDB62C000E0BDA9 /* InterfaceController.swift in Sources */ = {isa = PBXBuildFile; fileRef = A509A2311DDB62C000E0BDA9 /* InterfaceController.swift */; };
		A509A2341DDB62C000E0BDA9 /* GameScene.sks in Resources */ = {isa = PBXBuildFile; fileRef = A509A2331DDB62C000E0BDA9 /* GameScene.sks */; };
		A509A2361DDB62C000E0BDA9 /* GameScene.swift in Sources */ = {isa = PBXBuildFile; fileRef = A509A2351DDB62C000E0BDA9 /* GameScene.swift */; };
		A509A2381DDB62C000E0BDA9 /* ExtensionDelegate.swift in Sources */ = {isa = PBXBuildFile; fileRef = A509A2371DDB62C000E0BDA9 /* ExtensionDelegate.swift */; };
		A509A23A1DDB62C000E0BDA9 /* Assets.xcassets in Resources */ = {isa = PBXBuildFile; fileRef = A509A2391DDB62C000E0BDA9 /* Assets.xcassets */; };
		A509A23E1DDB62C000E0BDA9 /* watchapp.app in Embed Watch Content */ = {isa = PBXBuildFile; fileRef = A509A2201DDB62C000E0BDA9 /* watchapp.app */; };
		A509A2471DDB630C00E0BDA9 /* GravitySystem.swift in Sources */ = {isa = PBXBuildFile; fileRef = A5622F661DD66E20008B409E /* GravitySystem.swift */; };
		A509A2481DDB631700E0BDA9 /* Planet.swift in Sources */ = {isa = PBXBuildFile; fileRef = A54A851A1DC908DC009046C5 /* Planet.swift */; };
		A509A2491DDB637600E0BDA9 /* VectorMaths.swift in Sources */ = {isa = PBXBuildFile; fileRef = A54A85181DC9024C009046C5 /* VectorMaths.swift */; };
		A54A84FF1DC3F2EB009046C5 /* AppDelegate.swift in Sources */ = {isa = PBXBuildFile; fileRef = A54A84FE1DC3F2EB009046C5 /* AppDelegate.swift */; };
		A54A85011DC3F2EB009046C5 /* GameScene.sks in Resources */ = {isa = PBXBuildFile; fileRef = A54A85001DC3F2EB009046C5 /* GameScene.sks */; };
		A54A85051DC3F2EB009046C5 /* GameScene.swift in Sources */ = {isa = PBXBuildFile; fileRef = A54A85041DC3F2EB009046C5 /* GameScene.swift */; };
		A54A85071DC3F2EB009046C5 /* GameViewController.swift in Sources */ = {isa = PBXBuildFile; fileRef = A54A85061DC3F2EB009046C5 /* GameViewController.swift */; };
		A54A850A1DC3F2EB009046C5 /* Main.storyboard in Resources */ = {isa = PBXBuildFile; fileRef = A54A85081DC3F2EB009046C5 /* Main.storyboard */; };
		A54A850C1DC3F2EB009046C5 /* Assets.xcassets in Resources */ = {isa = PBXBuildFile; fileRef = A54A850B1DC3F2EB009046C5 /* Assets.xcassets */; };
		A54A850F1DC3F2EB009046C5 /* LaunchScreen.storyboard in Resources */ = {isa = PBXBuildFile; fileRef = A54A850D1DC3F2EB009046C5 /* LaunchScreen.storyboard */; };
		A54A85191DC9024C009046C5 /* VectorMaths.swift in Sources */ = {isa = PBXBuildFile; fileRef = A54A85181DC9024C009046C5 /* VectorMaths.swift */; };
		A54A851B1DC908DC009046C5 /* Planet.swift in Sources */ = {isa = PBXBuildFile; fileRef = A54A851A1DC908DC009046C5 /* Planet.swift */; };
		A5622F671DD66E20008B409E /* GravitySystem.swift in Sources */ = {isa = PBXBuildFile; fileRef = A5622F661DD66E20008B409E /* GravitySystem.swift */; };
		A5622F691DD68345008B409E /* ForcePanGestureRecognizer.swift in Sources */ = {isa = PBXBuildFile; fileRef = A5622F681DD68345008B409E /* ForcePanGestureRecognizer.swift */; };
/* End PBXBuildFile section */

/* Begin PBXContainerItemProxy section */
		A509A22E1DDB62C000E0BDA9 /* PBXContainerItemProxy */ = {
			isa = PBXContainerItemProxy;
			containerPortal = A54A84F31DC3F2EB009046C5 /* Project object */;
			proxyType = 1;
			remoteGlobalIDString = A509A22B1DDB62C000E0BDA9;
			remoteInfo = "watchapp Extension";
		};
		A509A23C1DDB62C000E0BDA9 /* PBXContainerItemProxy */ = {
			isa = PBXContainerItemProxy;
			containerPortal = A54A84F31DC3F2EB009046C5 /* Project object */;
			proxyType = 1;
			remoteGlobalIDString = A509A21F1DDB62C000E0BDA9;
			remoteInfo = watchapp;
		};
/* End PBXContainerItemProxy section */

/* Begin PBXCopyFilesBuildPhase section */
		A509A2441DDB62C000E0BDA9 /* Embed App Extensions */ = {
			isa = PBXCopyFilesBuildPhase;
			buildActionMask = 2147483647;
			dstPath = "";
			dstSubfolderSpec = 13;
			files = (
				A509A22D1DDB62C000E0BDA9 /* watchapp Extension.appex in Embed App Extensions */,
			);
			name = "Embed App Extensions";
			runOnlyForDeploymentPostprocessing = 0;
		};
		A509A2461DDB62C000E0BDA9 /* Embed Watch Content */ = {
			isa = PBXCopyFilesBuildPhase;
			buildActionMask = 2147483647;
			dstPath = "$(CONTENTS_FOLDER_PATH)/Watch";
			dstSubfolderSpec = 16;
			files = (
				A509A23E1DDB62C000E0BDA9 /* watchapp.app in Embed Watch Content */,
			);
			name = "Embed Watch Content";
			runOnlyForDeploymentPostprocessing = 0;
		};
/* End PBXCopyFilesBuildPhase section */

/* Begin PBXFileReference section */
		A509A2201DDB62C000E0BDA9 /* watchapp.app */ = {isa = PBXFileReference; explicitFileType = wrapper.application; includeInIndex = 0; path = watchapp.app; sourceTree = BUILT_PRODUCTS_DIR; };
		A509A2231DDB62C000E0BDA9 /* Base */ = {isa = PBXFileReference; lastKnownFileType = file.storyboard; name = Base; path = Base.lproj/Interface.storyboard; sourceTree = "<group>"; };
		A509A2251DDB62C000E0BDA9 /* Assets.xcassets */ = {isa = PBXFileReference; lastKnownFileType = folder.assetcatalog; path = Assets.xcassets; sourceTree = "<group>"; };
		A509A2271DDB62C000E0BDA9 /* Info.plist */ = {isa = PBXFileReference; lastKnownFileType = text.plist.xml; path = Info.plist; sourceTree = "<group>"; };
		A509A22C1DDB62C000E0BDA9 /* watchapp Extension.appex */ = {isa = PBXFileReference; explicitFileType = "wrapper.app-extension"; includeInIndex = 0; path = "watchapp Extension.appex"; sourceTree = BUILT_PRODUCTS_DIR; };
		A509A2311DDB62C000E0BDA9 /* InterfaceController.swift */ = {isa = PBXFileReference; lastKnownFileType = sourcecode.swift; path = InterfaceController.swift; sourceTree = "<group>"; };
		A509A2331DDB62C000E0BDA9 /* GameScene.sks */ = {isa = PBXFileReference; lastKnownFileType = file.sks; path = GameScene.sks; sourceTree = "<group>"; };
		A509A2351DDB62C000E0BDA9 /* GameScene.swift */ = {isa = PBXFileReference; lastKnownFileType = sourcecode.swift; path = GameScene.swift; sourceTree = "<group>"; };
		A509A2371DDB62C000E0BDA9 /* ExtensionDelegate.swift */ = {isa = PBXFileReference; lastKnownFileType = sourcecode.swift; path = ExtensionDelegate.swift; sourceTree = "<group>"; };
		A509A2391DDB62C000E0BDA9 /* Assets.xcassets */ = {isa = PBXFileReference; lastKnownFileType = folder.assetcatalog; path = Assets.xcassets; sourceTree = "<group>"; };
		A509A23B1DDB62C000E0BDA9 /* Info.plist */ = {isa = PBXFileReference; lastKnownFileType = text.plist.xml; path = Info.plist; sourceTree = "<group>"; };
		A54A84FB1DC3F2EB009046C5 /* fgmmr.app */ = {isa = PBXFileReference; explicitFileType = wrapper.application; includeInIndex = 0; path = fgmmr.app; sourceTree = BUILT_PRODUCTS_DIR; };
		A54A84FE1DC3F2EB009046C5 /* AppDelegate.swift */ = {isa = PBXFileReference; lastKnownFileType = sourcecode.swift; path = AppDelegate.swift; sourceTree = "<group>"; };
		A54A85001DC3F2EB009046C5 /* GameScene.sks */ = {isa = PBXFileReference; lastKnownFileType = file.sks; path = GameScene.sks; sourceTree = "<group>"; };
		A54A85041DC3F2EB009046C5 /* GameScene.swift */ = {isa = PBXFileReference; lastKnownFileType = sourcecode.swift; path = GameScene.swift; sourceTree = "<group>"; };
		A54A85061DC3F2EB009046C5 /* GameViewController.swift */ = {isa = PBXFileReference; lastKnownFileType = sourcecode.swift; path = GameViewController.swift; sourceTree = "<group>"; };
		A54A85091DC3F2EB009046C5 /* Base */ = {isa = PBXFileReference; lastKnownFileType = file.storyboard; name = Base; path = Base.lproj/Main.storyboard; sourceTree = "<group>"; };
		A54A850B1DC3F2EB009046C5 /* Assets.xcassets */ = {isa = PBXFileReference; lastKnownFileType = folder.assetcatalog; path = Assets.xcassets; sourceTree = "<group>"; };
		A54A850E1DC3F2EB009046C5 /* Base */ = {isa = PBXFileReference; lastKnownFileType = file.storyboard; name = Base; path = Base.lproj/LaunchScreen.storyboard; sourceTree = "<group>"; };
		A54A85101DC3F2EB009046C5 /* Info.plist */ = {isa = PBXFileReference; lastKnownFileType = text.plist.xml; path = Info.plist; sourceTree = "<group>"; };
		A54A85181DC9024C009046C5 /* VectorMaths.swift */ = {isa = PBXFileReference; fileEncoding = 4; lastKnownFileType = sourcecode.swift; path = VectorMaths.swift; sourceTree = "<group>"; };
		A54A851A1DC908DC009046C5 /* Planet.swift */ = {isa = PBXFileReference; fileEncoding = 4; lastKnownFileType = sourcecode.swift; path = Planet.swift; sourceTree = "<group>"; };
		A5622F661DD66E20008B409E /* GravitySystem.swift */ = {isa = PBXFileReference; fileEncoding = 4; lastKnownFileType = sourcecode.swift; path = GravitySystem.swift; sourceTree = "<group>"; };
		A5622F681DD68345008B409E /* ForcePanGestureRecognizer.swift */ = {isa = PBXFileReference; fileEncoding = 4; lastKnownFileType = sourcecode.swift; path = ForcePanGestureRecognizer.swift; sourceTree = "<group>"; };
/* End PBXFileReference section */

/* Begin PBXFrameworksBuildPhase section */
		A509A2291DDB62C000E0BDA9 /* Frameworks */ = {
			isa = PBXFrameworksBuildPhase;
			buildActionMask = 2147483647;
			files = (
			);
			runOnlyForDeploymentPostprocessing = 0;
		};
		A54A84F81DC3F2EB009046C5 /* Frameworks */ = {
			isa = PBXFrameworksBuildPhase;
			buildActionMask = 2147483647;
			files = (
			);
			runOnlyForDeploymentPostprocessing = 0;
		};
/* End PBXFrameworksBuildPhase section */

/* Begin PBXGroup section */
		A509A2211DDB62C000E0BDA9 /* watchapp */ = {
			isa = PBXGroup;
			children = (
				A509A2221DDB62C000E0BDA9 /* Interface.storyboard */,
				A509A2251DDB62C000E0BDA9 /* Assets.xcassets */,
				A509A2271DDB62C000E0BDA9 /* Info.plist */,
			);
			path = watchapp;
			sourceTree = "<group>";
		};
		A509A2301DDB62C000E0BDA9 /* watchapp Extension */ = {
			isa = PBXGroup;
			children = (
				A509A2311DDB62C000E0BDA9 /* InterfaceController.swift */,
				A509A2331DDB62C000E0BDA9 /* GameScene.sks */,
				A509A2351DDB62C000E0BDA9 /* GameScene.swift */,
				A509A2371DDB62C000E0BDA9 /* ExtensionDelegate.swift */,
				A509A2391DDB62C000E0BDA9 /* Assets.xcassets */,
				A509A23B1DDB62C000E0BDA9 /* Info.plist */,
			);
			path = "watchapp Extension";
			sourceTree = "<group>";
		};
		A54A84F21DC3F2EB009046C5 = {
			isa = PBXGroup;
			children = (
				A54A84FD1DC3F2EB009046C5 /* fgmmr */,
				A509A2211DDB62C000E0BDA9 /* watchapp */,
				A509A2301DDB62C000E0BDA9 /* watchapp Extension */,
				A54A84FC1DC3F2EB009046C5 /* Products */,
			);
			sourceTree = "<group>";
		};
		A54A84FC1DC3F2EB009046C5 /* Products */ = {
			isa = PBXGroup;
			children = (
				A54A84FB1DC3F2EB009046C5 /* fgmmr.app */,
				A509A2201DDB62C000E0BDA9 /* watchapp.app */,
				A509A22C1DDB62C000E0BDA9 /* watchapp Extension.appex */,
			);
			name = Products;
			sourceTree = "<group>";
		};
		A54A84FD1DC3F2EB009046C5 /* fgmmr */ = {
			isa = PBXGroup;
			children = (
				A54A84FE1DC3F2EB009046C5 /* AppDelegate.swift */,
				A54A85061DC3F2EB009046C5 /* GameViewController.swift */,
				A54A851A1DC908DC009046C5 /* Planet.swift */,
				A5622F661DD66E20008B409E /* GravitySystem.swift */,
				A54A85041DC3F2EB009046C5 /* GameScene.swift */,
				A5622F681DD68345008B409E /* ForcePanGestureRecognizer.swift */,
				A54A85181DC9024C009046C5 /* VectorMaths.swift */,
				A54A851C1DCB74F9009046C5 /* resources */,
			);
			path = fgmmr;
			sourceTree = "<group>";
		};
		A54A851C1DCB74F9009046C5 /* resources */ = {
			isa = PBXGroup;
			children = (
				A54A85101DC3F2EB009046C5 /* Info.plist */,
				A54A85081DC3F2EB009046C5 /* Main.storyboard */,
				A54A850B1DC3F2EB009046C5 /* Assets.xcassets */,
				A54A850D1DC3F2EB009046C5 /* LaunchScreen.storyboard */,
				A54A85001DC3F2EB009046C5 /* GameScene.sks */,
			);
			name = resources;
			sourceTree = "<group>";
		};
/* End PBXGroup section */

/* Begin PBXNativeTarget section */
		A509A21F1DDB62C000E0BDA9 /* watchapp */ = {
			isa = PBXNativeTarget;
			buildConfigurationList = A509A2451DDB62C000E0BDA9 /* Build configuration list for PBXNativeTarget "watchapp" */;
			buildPhases = (
				A509A21E1DDB62C000E0BDA9 /* Resources */,
				A509A2441DDB62C000E0BDA9 /* Embed App Extensions */,
			);
			buildRules = (
			);
			dependencies = (
				A509A22F1DDB62C000E0BDA9 /* PBXTargetDependency */,
			);
			name = watchapp;
			productName = watchapp;
			productReference = A509A2201DDB62C000E0BDA9 /* watchapp.app */;
			productType = "com.apple.product-type.application.watchapp2";
		};
		A509A22B1DDB62C000E0BDA9 /* watchapp Extension */ = {
			isa = PBXNativeTarget;
			buildConfigurationList = A509A2431DDB62C000E0BDA9 /* Build configuration list for PBXNativeTarget "watchapp Extension" */;
			buildPhases = (
				A509A2281DDB62C000E0BDA9 /* Sources */,
				A509A2291DDB62C000E0BDA9 /* Frameworks */,
				A509A22A1DDB62C000E0BDA9 /* Resources */,
			);
			buildRules = (
			);
			dependencies = (
			);
			name = "watchapp Extension";
			productName = "watchapp Extension";
			productReference = A509A22C1DDB62C000E0BDA9 /* watchapp Extension.appex */;
			productType = "com.apple.product-type.watchkit2-extension";
		};
		A54A84FA1DC3F2EB009046C5 /* fgmmr */ = {
			isa = PBXNativeTarget;
			buildConfigurationList = A54A85131DC3F2EB009046C5 /* Build configuration list for PBXNativeTarget "fgmmr" */;
			buildPhases = (
				A54A84F71DC3F2EB009046C5 /* Sources */,
				A54A84F81DC3F2EB009046C5 /* Frameworks */,
				A54A84F91DC3F2EB009046C5 /* Resources */,
				A509A2461DDB62C000E0BDA9 /* Embed Watch Content */,
			);
			buildRules = (
			);
			dependencies = (
				A509A23D1DDB62C000E0BDA9 /* PBXTargetDependency */,
			);
			name = fgmmr;
			productName = fgmmr;
			productReference = A54A84FB1DC3F2EB009046C5 /* fgmmr.app */;
			productType = "com.apple.product-type.application";
		};
/* End PBXNativeTarget section */

/* Begin PBXProject section */
		A54A84F31DC3F2EB009046C5 /* Project object */ = {
			isa = PBXProject;
			attributes = {
				LastSwiftUpdateCheck = 0810;
				LastUpgradeCheck = 0810;
				ORGANIZATIONNAME = "Michael Behan";
				TargetAttributes = {
					A509A21F1DDB62C000E0BDA9 = {
						CreatedOnToolsVersion = 8.1;
						DevelopmentTeam = UHN3X3E6BY;
						ProvisioningStyle = Automatic;
					};
					A509A22B1DDB62C000E0BDA9 = {
						CreatedOnToolsVersion = 8.1;
						DevelopmentTeam = UHN3X3E6BY;
						ProvisioningStyle = Automatic;
					};
					A54A84FA1DC3F2EB009046C5 = {
						CreatedOnToolsVersion = 8.1;
						DevelopmentTeam = UHN3X3E6BY;
						ProvisioningStyle = Automatic;
					};
				};
			};
			buildConfigurationList = A54A84F61DC3F2EB009046C5 /* Build configuration list for PBXProject "fgmmr" */;
			compatibilityVersion = "Xcode 3.2";
			developmentRegion = English;
			hasScannedForEncodings = 0;
			knownRegions = (
				en,
				Base,
			);
			mainGroup = A54A84F21DC3F2EB009046C5;
			productRefGroup = A54A84FC1DC3F2EB009046C5 /* Products */;
			projectDirPath = "";
			projectRoot = "";
			targets = (
				A54A84FA1DC3F2EB009046C5 /* fgmmr */,
				A509A21F1DDB62C000E0BDA9 /* watchapp */,
				A509A22B1DDB62C000E0BDA9 /* watchapp Extension */,
			);
		};
/* End PBXProject section */

/* Begin PBXResourcesBuildPhase section */
		A509A21E1DDB62C000E0BDA9 /* Resources */ = {
			isa = PBXResourcesBuildPhase;
			buildActionMask = 2147483647;
			files = (
				A509A2261DDB62C000E0BDA9 /* Assets.xcassets in Resources */,
				A509A2241DDB62C000E0BDA9 /* Interface.storyboard in Resources */,
			);
			runOnlyForDeploymentPostprocessing = 0;
		};
		A509A22A1DDB62C000E0BDA9 /* Resources */ = {
			isa = PBXResourcesBuildPhase;
			buildActionMask = 2147483647;
			files = (
				A509A23A1DDB62C000E0BDA9 /* Assets.xcassets in Resources */,
				A509A2341DDB62C000E0BDA9 /* GameScene.sks in Resources */,
			);
			runOnlyForDeploymentPostprocessing = 0;
		};
		A54A84F91DC3F2EB009046C5 /* Resources */ = {
			isa = PBXResourcesBuildPhase;
			buildActionMask = 2147483647;
			files = (
				A54A850A1DC3F2EB009046C5 /* Main.storyboard in Resources */,
				A54A85011DC3F2EB009046C5 /* GameScene.sks in Resources */,
				A54A850C1DC3F2EB009046C5 /* Assets.xcassets in Resources */,
				A54A850F1DC3F2EB009046C5 /* LaunchScreen.storyboard in Resources */,
			);
			runOnlyForDeploymentPostprocessing = 0;
		};
/* End PBXResourcesBuildPhase section */

/* Begin PBXSourcesBuildPhase section */
		A509A2281DDB62C000E0BDA9 /* Sources */ = {
			isa = PBXSourcesBuildPhase;
			buildActionMask = 2147483647;
			files = (
				A509A2491DDB637600E0BDA9 /* VectorMaths.swift in Sources */,
				A509A2361DDB62C000E0BDA9 /* GameScene.swift in Sources */,
				A509A2471DDB630C00E0BDA9 /* GravitySystem.swift in Sources */,
				A509A2321DDB62C000E0BDA9 /* InterfaceController.swift in Sources */,
				A509A2381DDB62C000E0BDA9 /* ExtensionDelegate.swift in Sources */,
				A509A2481DDB631700E0BDA9 /* Planet.swift in Sources */,
			);
			runOnlyForDeploymentPostprocessing = 0;
		};
		A54A84F71DC3F2EB009046C5 /* Sources */ = {
			isa = PBXSourcesBuildPhase;
			buildActionMask = 2147483647;
			files = (
				A54A85191DC9024C009046C5 /* VectorMaths.swift in Sources */,
				A54A85051DC3F2EB009046C5 /* GameScene.swift in Sources */,
				A54A85071DC3F2EB009046C5 /* GameViewController.swift in Sources */,
				A5622F671DD66E20008B409E /* GravitySystem.swift in Sources */,
				A5622F691DD68345008B409E /* ForcePanGestureRecognizer.swift in Sources */,
				A54A84FF1DC3F2EB009046C5 /* AppDelegate.swift in Sources */,
				A54A851B1DC908DC009046C5 /* Planet.swift in Sources */,
			);
			runOnlyForDeploymentPostprocessing = 0;
		};
/* End PBXSourcesBuildPhase section */

/* Begin PBXTargetDependency section */
		A509A22F1DDB62C000E0BDA9 /* PBXTargetDependency */ = {
			isa = PBXTargetDependency;
			target = A509A22B1DDB62C000E0BDA9 /* watchapp Extension */;
			targetProxy = A509A22E1DDB62C000E0BDA9 /* PBXContainerItemProxy */;
		};
		A509A23D1DDB62C000E0BDA9 /* PBXTargetDependency */ = {
			isa = PBXTargetDependency;
			target = A509A21F1DDB62C000E0BDA9 /* watchapp */;
			targetProxy = A509A23C1DDB62C000E0BDA9 /* PBXContainerItemProxy */;
		};
/* End PBXTargetDependency section */

/* Begin PBXVariantGroup section */
		A509A2221DDB62C000E0BDA9 /* Interface.storyboard */ = {
			isa = PBXVariantGroup;
			children = (
				A509A2231DDB62C000E0BDA9 /* Base */,
			);
			name = Interface.storyboard;
			sourceTree = "<group>";
		};
		A54A85081DC3F2EB009046C5 /* Main.storyboard */ = {
			isa = PBXVariantGroup;
			children = (
				A54A85091DC3F2EB009046C5 /* Base */,
			);
			name = Main.storyboard;
			sourceTree = "<group>";
		};
		A54A850D1DC3F2EB009046C5 /* LaunchScreen.storyboard */ = {
			isa = PBXVariantGroup;
			children = (
				A54A850E1DC3F2EB009046C5 /* Base */,
			);
			name = LaunchScreen.storyboard;
			sourceTree = "<group>";
		};
/* End PBXVariantGroup section */

/* Begin XCBuildConfiguration section */
		A509A23F1DDB62C000E0BDA9 /* Debug */ = {
			isa = XCBuildConfiguration;
			buildSettings = {
				ALWAYS_EMBED_SWIFT_STANDARD_LIBRARIES = YES;
				ASSETCATALOG_COMPILER_APPICON_NAME = AppIcon;
				DEVELOPMENT_TEAM = UHN3X3E6BY;
				IBSC_MODULE = watchapp_Extension;
				INFOPLIST_FILE = watchapp/Info.plist;
				PRODUCT_BUNDLE_IDENTIFIER = com.mbehan.fgmmr.watchkitapp;
				PRODUCT_NAME = "$(TARGET_NAME)";
				SDKROOT = watchos;
				SKIP_INSTALL = YES;
				SWIFT_VERSION = 3.0;
				TARGETED_DEVICE_FAMILY = 4;
				WATCHOS_DEPLOYMENT_TARGET = 3.1;
			};
			name = Debug;
		};
		A509A2401DDB62C000E0BDA9 /* Release */ = {
			isa = XCBuildConfiguration;
			buildSettings = {
				ALWAYS_EMBED_SWIFT_STANDARD_LIBRARIES = YES;
				ASSETCATALOG_COMPILER_APPICON_NAME = AppIcon;
				DEVELOPMENT_TEAM = UHN3X3E6BY;
				IBSC_MODULE = watchapp_Extension;
				INFOPLIST_FILE = watchapp/Info.plist;
				PRODUCT_BUNDLE_IDENTIFIER = com.mbehan.fgmmr.watchkitapp;
				PRODUCT_NAME = "$(TARGET_NAME)";
				SDKROOT = watchos;
				SKIP_INSTALL = YES;
				SWIFT_VERSION = 3.0;
				TARGETED_DEVICE_FAMILY = 4;
				WATCHOS_DEPLOYMENT_TARGET = 3.1;
			};
			name = Release;
		};
		A509A2411DDB62C000E0BDA9 /* Debug */ = {
			isa = XCBuildConfiguration;
			buildSettings = {
				ASSETCATALOG_COMPILER_COMPLICATION_NAME = Complication;
				DEVELOPMENT_TEAM = UHN3X3E6BY;
				INFOPLIST_FILE = "watchapp Extension/Info.plist";
				LD_RUNPATH_SEARCH_PATHS = "$(inherited) @executable_path/Frameworks @executable_path/../../Frameworks";
				PRODUCT_BUNDLE_IDENTIFIER = com.mbehan.fgmmr.watchkitapp.watchkitextension;
				PRODUCT_NAME = "${TARGET_NAME}";
				SDKROOT = watchos;
				SKIP_INSTALL = YES;
				SWIFT_VERSION = 3.0;
				TARGETED_DEVICE_FAMILY = 4;
				WATCHOS_DEPLOYMENT_TARGET = 3.1;
			};
			name = Debug;
		};
		A509A2421DDB62C000E0BDA9 /* Release */ = {
			isa = XCBuildConfiguration;
			buildSettings = {
				ASSETCATALOG_COMPILER_COMPLICATION_NAME = Complication;
				DEVELOPMENT_TEAM = UHN3X3E6BY;
				INFOPLIST_FILE = "watchapp Extension/Info.plist";
				LD_RUNPATH_SEARCH_PATHS = "$(inherited) @executable_path/Frameworks @executable_path/../../Frameworks";
				PRODUCT_BUNDLE_IDENTIFIER = com.mbehan.fgmmr.watchkitapp.watchkitextension;
				PRODUCT_NAME = "${TARGET_NAME}";
				SDKROOT = watchos;
				SKIP_INSTALL = YES;
				SWIFT_VERSION = 3.0;
				TARGETED_DEVICE_FAMILY = 4;
				WATCHOS_DEPLOYMENT_TARGET = 3.1;
			};
			name = Release;
		};
		A54A85111DC3F2EB009046C5 /* Debug */ = {
			isa = XCBuildConfiguration;
			buildSettings = {
				ALWAYS_SEARCH_USER_PATHS = NO;
				CLANG_ANALYZER_NONNULL = YES;
				CLANG_CXX_LANGUAGE_STANDARD = "gnu++0x";
				CLANG_CXX_LIBRARY = "libc++";
				CLANG_ENABLE_MODULES = YES;
				CLANG_ENABLE_OBJC_ARC = YES;
				CLANG_WARN_BOOL_CONVERSION = YES;
				CLANG_WARN_CONSTANT_CONVERSION = YES;
				CLANG_WARN_DIRECT_OBJC_ISA_USAGE = YES_ERROR;
				CLANG_WARN_DOCUMENTATION_COMMENTS = YES;
				CLANG_WARN_EMPTY_BODY = YES;
				CLANG_WARN_ENUM_CONVERSION = YES;
				CLANG_WARN_INFINITE_RECURSION = YES;
				CLANG_WARN_INT_CONVERSION = YES;
				CLANG_WARN_OBJC_ROOT_CLASS = YES_ERROR;
				CLANG_WARN_SUSPICIOUS_MOVES = YES;
				CLANG_WARN_UNREACHABLE_CODE = YES;
				CLANG_WARN__DUPLICATE_METHOD_MATCH = YES;
				"CODE_SIGN_IDENTITY[sdk=iphoneos*]" = "iPhone Developer";
				COPY_PHASE_STRIP = NO;
				DEBUG_INFORMATION_FORMAT = dwarf;
				ENABLE_STRICT_OBJC_MSGSEND = YES;
				ENABLE_TESTABILITY = YES;
				GCC_C_LANGUAGE_STANDARD = gnu99;
				GCC_DYNAMIC_NO_PIC = NO;
				GCC_NO_COMMON_BLOCKS = YES;
				GCC_OPTIMIZATION_LEVEL = 0;
				GCC_PREPROCESSOR_DEFINITIONS = (
					"DEBUG=1",
					"$(inherited)",
				);
				GCC_WARN_64_TO_32_BIT_CONVERSION = YES;
				GCC_WARN_ABOUT_RETURN_TYPE = YES_ERROR;
				GCC_WARN_UNDECLARED_SELECTOR = YES;
				GCC_WARN_UNINITIALIZED_AUTOS = YES_AGGRESSIVE;
				GCC_WARN_UNUSED_FUNCTION = YES;
				GCC_WARN_UNUSED_VARIABLE = YES;
				IPHONEOS_DEPLOYMENT_TARGET = 10.1;
				MTL_ENABLE_DEBUG_INFO = YES;
				ONLY_ACTIVE_ARCH = YES;
				SDKROOT = iphoneos;
				SWIFT_ACTIVE_COMPILATION_CONDITIONS = DEBUG;
				SWIFT_OPTIMIZATION_LEVEL = "-Onone";
			};
			name = Debug;
		};
		A54A85121DC3F2EB009046C5 /* Release */ = {
			isa = XCBuildConfiguration;
			buildSettings = {
				ALWAYS_SEARCH_USER_PATHS = NO;
				CLANG_ANALYZER_NONNULL = YES;
				CLANG_CXX_LANGUAGE_STANDARD = "gnu++0x";
				CLANG_CXX_LIBRARY = "libc++";
				CLANG_ENABLE_MODULES = YES;
				CLANG_ENABLE_OBJC_ARC = YES;
				CLANG_WARN_BOOL_CONVERSION = YES;
				CLANG_WARN_CONSTANT_CONVERSION = YES;
				CLANG_WARN_DIRECT_OBJC_ISA_USAGE = YES_ERROR;
				CLANG_WARN_DOCUMENTATION_COMMENTS = YES;
				CLANG_WARN_EMPTY_BODY = YES;
				CLANG_WARN_ENUM_CONVERSION = YES;
				CLANG_WARN_INFINITE_RECURSION = YES;
				CLANG_WARN_INT_CONVERSION = YES;
				CLANG_WARN_OBJC_ROOT_CLASS = YES_ERROR;
				CLANG_WARN_SUSPICIOUS_MOVES = YES;
				CLANG_WARN_UNREACHABLE_CODE = YES;
				CLANG_WARN__DUPLICATE_METHOD_MATCH = YES;
				"CODE_SIGN_IDENTITY[sdk=iphoneos*]" = "iPhone Developer";
				COPY_PHASE_STRIP = NO;
				DEBUG_INFORMATION_FORMAT = "dwarf-with-dsym";
				ENABLE_NS_ASSERTIONS = NO;
				ENABLE_STRICT_OBJC_MSGSEND = YES;
				GCC_C_LANGUAGE_STANDARD = gnu99;
				GCC_NO_COMMON_BLOCKS = YES;
				GCC_WARN_64_TO_32_BIT_CONVERSION = YES;
				GCC_WARN_ABOUT_RETURN_TYPE = YES_ERROR;
				GCC_WARN_UNDECLARED_SELECTOR = YES;
				GCC_WARN_UNINITIALIZED_AUTOS = YES_AGGRESSIVE;
				GCC_WARN_UNUSED_FUNCTION = YES;
				GCC_WARN_UNUSED_VARIABLE = YES;
				IPHONEOS_DEPLOYMENT_TARGET = 10.1;
				MTL_ENABLE_DEBUG_INFO = NO;
				SDKROOT = iphoneos;
				SWIFT_OPTIMIZATION_LEVEL = "-Owholemodule";
				VALIDATE_PRODUCT = YES;
			};
			name = Release;
		};
		A54A85141DC3F2EB009046C5 /* Debug */ = {
			isa = XCBuildConfiguration;
			buildSettings = {
				ASSETCATALOG_COMPILER_APPICON_NAME = AppIcon;
				DEVELOPMENT_TEAM = UHN3X3E6BY;
				INFOPLIST_FILE = fgmmr/Info.plist;
				LD_RUNPATH_SEARCH_PATHS = "$(inherited) @executable_path/Frameworks";
				PRODUCT_BUNDLE_IDENTIFIER = com.mbehan.fgmmr;
				PRODUCT_NAME = "$(TARGET_NAME)";
				SWIFT_VERSION = 3.0;
				TARGETED_DEVICE_FAMILY = "1,2";
			};
			name = Debug;
		};
		A54A85151DC3F2EB009046C5 /* Release */ = {
			isa = XCBuildConfiguration;
			buildSettings = {
				ASSETCATALOG_COMPILER_APPICON_NAME = AppIcon;
				DEVELOPMENT_TEAM = UHN3X3E6BY;
				INFOPLIST_FILE = fgmmr/Info.plist;
				LD_RUNPATH_SEARCH_PATHS = "$(inherited) @executable_path/Frameworks";
				PRODUCT_BUNDLE_IDENTIFIER = com.mbehan.fgmmr;
				PRODUCT_NAME = "$(TARGET_NAME)";
				SWIFT_VERSION = 3.0;
				TARGETED_DEVICE_FAMILY = "1,2";
			};
			name = Release;
		};
/* End XCBuildConfiguration section */

/* Begin XCConfigurationList section */
		A509A2431DDB62C000E0BDA9 /* Build configuration list for PBXNativeTarget "watchapp Extension" */ = {
			isa = XCConfigurationList;
			buildConfigurations = (
				A509A2411DDB62C000E0BDA9 /* Debug */,
				A509A2421DDB62C000E0BDA9 /* Release */,
			);
			defaultConfigurationIsVisible = 0;
		};
		A509A2451DDB62C000E0BDA9 /* Build configuration list for PBXNativeTarget "watchapp" */ = {
			isa = XCConfigurationList;
			buildConfigurations = (
				A509A23F1DDB62C000E0BDA9 /* Debug */,
				A509A2401DDB62C000E0BDA9 /* Release */,
			);
			defaultConfigurationIsVisible = 0;
		};
		A54A84F61DC3F2EB009046C5 /* Build configuration list for PBXProject "fgmmr" */ = {
			isa = XCConfigurationList;
			buildConfigurations = (
				A54A85111DC3F2EB009046C5 /* Debug */,
				A54A85121DC3F2EB009046C5 /* Release */,
			);
			defaultConfigurationIsVisible = 0;
			defaultConfigurationName = Release;
		};
		A54A85131DC3F2EB009046C5 /* Build configuration list for PBXNativeTarget "fgmmr" */ = {
			isa = XCConfigurationList;
			buildConfigurations = (
				A54A85141DC3F2EB009046C5 /* Debug */,
				A54A85151DC3F2EB009046C5 /* Release */,
			);
			defaultConfigurationIsVisible = 0;
			defaultConfigurationName = Release;
		};
/* End XCConfigurationList section */
	};
	rootObject = A54A84F31DC3F2EB009046C5 /* Project object */;
}
